
Microsoft Visual Studio Solution File, Format Version 12.00
# Visual Studio 15
VisualStudioVersion = 15.0.28307.168
MinimumVisualStudioVersion = 10.0.40219.1
Project("{9A19103F-16F7-4668-BE54-9A1E7A4F7556}") = "LCA.FluentConfiguration", "LCA.FluentConfiguration\LCA.FluentConfiguration.csproj", "{E0A1B9A2-3A05-49ED-B175-63E9939124B2}"
EndProject
Project("{FAE04EC0-301F-11D3-BF4B-00C04F79EFBC}") = "LCA.FluentConfiguration.SampleApp", "LCA.FluentConfiguration.SampleApp\LCA.FluentConfiguration.SampleApp.csproj", "{AB112259-29A0-4042-A808-E70E0E282296}"
EndProject
Global
	GlobalSection(SolutionConfigurationPlatforms) = preSolution
		Debug|Any CPU = Debug|Any CPU
		Release|Any CPU = Release|Any CPU
	EndGlobalSection
	GlobalSection(ProjectConfigurationPlatforms) = postSolution
		{E0A1B9A2-3A05-49ED-B175-63E9939124B2}.Debug|Any CPU.ActiveCfg = Debug|Any CPU
		{E0A1B9A2-3A05-49ED-B175-63E9939124B2}.Debug|Any CPU.Build.0 = Debug|Any CPU
		{E0A1B9A2-3A05-49ED-B175-63E9939124B2}.Release|Any CPU.ActiveCfg = Release|Any CPU
		{E0A1B9A2-3A05-49ED-B175-63E9939124B2}.Release|Any CPU.Build.0 = Release|Any CPU
		{AB112259-29A0-4042-A808-E70E0E282296}.Debug|Any CPU.ActiveCfg = Debug|Any CPU
		{AB112259-29A0-4042-A808-E70E0E282296}.Debug|Any CPU.Build.0 = Debug|Any CPU
		{AB112259-29A0-4042-A808-E70E0E282296}.Release|Any CPU.ActiveCfg = Release|Any CPU
		{AB112259-29A0-4042-A808-E70E0E282296}.Release|Any CPU.Build.0 = Release|Any CPU
	EndGlobalSection
	GlobalSection(SolutionProperties) = preSolution
		HideSolutionNode = FALSE
	EndGlobalSection
	GlobalSection(ExtensibilityGlobals) = postSolution
		SolutionGuid = {DF7BCE94-5073-4C72-80D2-AE5F977D7265}
	EndGlobalSection
EndGlobal
